{
  "version": 4,
  "terraform_version": "0.12.0",
  "serial": 54,
  "lineage": "c03f5dec-1277-242e-7056-0207322c9570",
  "outputs": {},
  "resources": [
    {
      "mode": "managed",
      "type": "aws_s3_bucket",
      "name": "s3_bucket",
      "provider": "provider.aws",
      "instances": [
        {
          "schema_version": 0,
          "attributes": {
            "acceleration_status": "",
            "acl": "private",
            "arn": "arn:aws:s3:::tf-intetics-big-data",
            "bucket": "tf-intetics-big-data",
            "bucket_domain_name": "tf-intetics-big-data.s3.amazonaws.com",
            "bucket_prefix": null,
            "bucket_regional_domain_name": "tf-intetics-big-data.s3.us-east-2.amazonaws.com",
            "cors_rule": [],
            "force_destroy": false,
            "hosted_zone_id": "Z2O1EMRO9K5GLX",
            "id": "tf-intetics-big-data",
            "lifecycle_rule": [],
            "logging": [],
            "object_lock_configuration": [],
            "policy": null,
            "region": "us-east-2",
            "replication_configuration": [],
            "request_payer": "BucketOwner",
            "server_side_encryption_configuration": [],
            "tags": {},
            "versioning": [
              {
                "enabled": false,
                "mfa_delete": false
              }
            ],
            "website": [],
            "website_domain": null,
            "website_endpoint": null
          }
        }
      ]
    }
  ]
}
