{
    "version": 3,
    "terraform_version": "0.11.7",
    "serial": 20,
    "lineage": "c03f5dec-1277-242e-7056-0207322c9570",
    "modules": [
        {
            "path": [
                "root"
            ],
            "outputs": {},
            "resources": {
                "aws_emr_cluster.emr_cluster": {
                    "type": "aws_emr_cluster",
                    "depends_on": [
                        "aws_iam_instance_profile.emr_profile",
                        "aws_iam_role.EMR_DefaultRole",
                        "aws_key_pair.emr_key_pair",
                        "aws_s3_bucket.s3_bucket",
                        "aws_security_group.emr_allow_all",
                        "aws_subnet.emr_subnet"
                    ],
                    "primary": {
                        "id": "j-FK4P60YQ7QRV",
                        "attributes": {
                            "applications.#": "7",
                            "applications.1018058942": "Tez",
                            "applications.2086606022": "Hive",
                            "applications.2430401924": "Ganglia",
                            "applications.3006569794": "Hadoop",
                            "applications.3998752014": "Hue",
                            "applications.4095005623": "Pig",
                            "applications.510627211": "Mahout",
                            "autoscaling_role": "",
                            "bootstrap_action.#": "0",
                            "cluster_state": "RUNNING",
                            "core_instance_type": "m4.large",
                            "ebs_root_volume_size": "0",
                            "ec2_attributes.#": "1",
                            "ec2_attributes.0.additional_master_security_groups": "",
                            "ec2_attributes.0.additional_slave_security_groups": "",
                            "ec2_attributes.0.emr_managed_master_security_group": "sg-002359ec18a68af20",
                            "ec2_attributes.0.emr_managed_slave_security_group": "sg-002359ec18a68af20",
                            "ec2_attributes.0.instance_profile": "emr_profile",
                            "ec2_attributes.0.key_name": "tf-intetics-big-data",
                            "ec2_attributes.0.service_access_security_group": "",
                            "ec2_attributes.0.subnet_id": "subnet-08f93f9c877a297c6",
                            "id": "j-FK4P60YQ7QRV",
                            "instance_group.#": "2",
                            "instance_group.2734158339.autoscaling_policy": "",
                            "instance_group.2734158339.bid_price": "",
                            "instance_group.2734158339.ebs_config.#": "0",
                            "instance_group.2734158339.instance_count": "1",
                            "instance_group.2734158339.instance_role": "MASTER",
                            "instance_group.2734158339.instance_type": "m4.large",
                            "instance_group.2734158339.name": "",
                            "instance_group.3633067825.autoscaling_policy": "",
                            "instance_group.3633067825.bid_price": "",
                            "instance_group.3633067825.ebs_config.#": "0",
                            "instance_group.3633067825.instance_count": "2",
                            "instance_group.3633067825.instance_role": "CORE",
                            "instance_group.3633067825.instance_type": "m4.large",
                            "instance_group.3633067825.name": "",
                            "kerberos_attributes.#": "0",
                            "log_uri": "s3n://tf-intetics-big-data/logs/",
                            "master_public_dns": "ec2-18-222-44-117.us-east-2.compute.amazonaws.com",
                            "name": "tf-intetics-big-data",
                            "release_label": "emr-5.16.0",
                            "scale_down_behavior": "TERMINATE_AT_TASK_COMPLETION",
                            "security_configuration": "",
                            "service_role": "EMR_DefaultRole",
                            "step.#": "1",
                            "step.0.action_on_failure": "CONTINUE",
                            "step.0.hadoop_jar_step.#": "1",
                            "step.0.hadoop_jar_step.0.args.#": "9",
                            "step.0.hadoop_jar_step.0.args.0": "hive-script",
                            "step.0.hadoop_jar_step.0.args.1": "--run-hive-script",
                            "step.0.hadoop_jar_step.0.args.2": "--args",
                            "step.0.hadoop_jar_step.0.args.3": "-f",
                            "step.0.hadoop_jar_step.0.args.4": "s3://us-east-2.elasticmapreduce.samples/cloudfront/code/Hive_CloudFront.q",
                            "step.0.hadoop_jar_step.0.args.5": "-d",
                            "step.0.hadoop_jar_step.0.args.6": "INPUT=s3://us-east-2.elasticmapreduce.samples",
                            "step.0.hadoop_jar_step.0.args.7": "-d",
                            "step.0.hadoop_jar_step.0.args.8": "OUTPUT=s3://tf-intetics-big-data/output/",
                            "step.0.hadoop_jar_step.0.jar": "command-runner.jar",
                            "step.0.hadoop_jar_step.0.main_class": "",
                            "step.0.hadoop_jar_step.0.properties.%": "0",
                            "step.0.name": "Hive program",
                            "tags.%": "1",
                            "tags.name": "EMR cluster created via Terraform",
                            "visible_to_all_users": "true"
                        },
                        "meta": {},
                        "tainted": false
                    },
                    "deposed": [],
                    "provider": "provider.aws"
                },
                "aws_iam_instance_profile.emr_profile": {
                    "type": "aws_iam_instance_profile",
                    "depends_on": [
                        "aws_iam_role.EMR_EC2_DefaultRole"
                    ],
                    "primary": {
                        "id": "emr_profile",
                        "attributes": {
                            "arn": "arn:aws:iam::313102209730:instance-profile/emr_profile",
                            "create_date": "2018-08-23T11:13:38Z",
                            "id": "emr_profile",
                            "name": "emr_profile",
                            "path": "/",
                            "role": "EMR_EC2_DefaultRole",
                            "roles.#": "0",
                            "unique_id": "AIPAIAZCU5LY32GLR72QY"
                        },
                        "meta": {},
                        "tainted": false
                    },
                    "deposed": [],
                    "provider": "provider.aws"
                },
                "aws_iam_role.EMR_DefaultRole": {
                    "type": "aws_iam_role",
                    "depends_on": [
                        "data.aws_iam_policy_document.emr-assume-role-policy"
                    ],
                    "primary": {
                        "id": "EMR_DefaultRole",
                        "attributes": {
                            "arn": "arn:aws:iam::313102209730:role/EMR_DefaultRole",
                            "assume_role_policy": "{\"Version\":\"2012-10-17\",\"Statement\":[{\"Sid\":\"\",\"Effect\":\"Allow\",\"Principal\":{\"Service\":\"elasticmapreduce.amazonaws.com\"},\"Action\":\"sts:AssumeRole\"}]}",
                            "create_date": "2018-08-23T11:13:36Z",
                            "description": "EMR_DefaultRole created via Terraform",
                            "force_detach_policies": "false",
                            "id": "EMR_DefaultRole",
                            "max_session_duration": "3600",
                            "name": "EMR_DefaultRole",
                            "path": "/",
                            "unique_id": "AROAJ7FCYIHCHL6AYNMYC"
                        },
                        "meta": {},
                        "tainted": false
                    },
                    "deposed": [],
                    "provider": "provider.aws"
                },
                "aws_iam_role.EMR_EC2_DefaultRole": {
                    "type": "aws_iam_role",
                    "depends_on": [
                        "data.aws_iam_policy_document.emr-ec2-assume-role-policy"
                    ],
                    "primary": {
                        "id": "EMR_EC2_DefaultRole",
                        "attributes": {
                            "arn": "arn:aws:iam::313102209730:role/EMR_EC2_DefaultRole",
                            "assume_role_policy": "{\"Version\":\"2012-10-17\",\"Statement\":[{\"Sid\":\"\",\"Effect\":\"Allow\",\"Principal\":{\"Service\":\"ec2.amazonaws.com\"},\"Action\":\"sts:AssumeRole\"}]}",
                            "create_date": "2018-08-23T11:13:36Z",
                            "description": "EMR_EC2_DefaultRole created via Terraform",
                            "force_detach_policies": "false",
                            "id": "EMR_EC2_DefaultRole",
                            "max_session_duration": "3600",
                            "name": "EMR_EC2_DefaultRole",
                            "path": "/",
                            "unique_id": "AROAITYCYMK732JMLHX6Q"
                        },
                        "meta": {},
                        "tainted": false
                    },
                    "deposed": [],
                    "provider": "provider.aws"
                },
                "aws_iam_role_policy_attachment.EMR_DefaultRole-attach": {
                    "type": "aws_iam_role_policy_attachment",
                    "depends_on": [
                        "aws_iam_role.EMR_DefaultRole",
                        "data.aws_iam_policy.AmazonElasticMapReduceRole"
                    ],
                    "primary": {
                        "id": "EMR_DefaultRole-20180823111338726800000001",
                        "attributes": {
                            "id": "EMR_DefaultRole-20180823111338726800000001",
                            "policy_arn": "arn:aws:iam::aws:policy/service-role/AmazonElasticMapReduceRole",
                            "role": "EMR_DefaultRole"
                        },
                        "meta": {},
                        "tainted": false
                    },
                    "deposed": [],
                    "provider": "provider.aws"
                },
                "aws_iam_role_policy_attachment.EMR_EC2_DefaultRole-attach": {
                    "type": "aws_iam_role_policy_attachment",
                    "depends_on": [
                        "aws_iam_role.EMR_EC2_DefaultRole",
                        "data.aws_iam_policy.AmazonElasticMapReduceforEC2Role"
                    ],
                    "primary": {
                        "id": "EMR_EC2_DefaultRole-20180823111338743800000002",
                        "attributes": {
                            "id": "EMR_EC2_DefaultRole-20180823111338743800000002",
                            "policy_arn": "arn:aws:iam::aws:policy/service-role/AmazonElasticMapReduceforEC2Role",
                            "role": "EMR_EC2_DefaultRole"
                        },
                        "meta": {},
                        "tainted": false
                    },
                    "deposed": [],
                    "provider": "provider.aws"
                },
                "aws_internet_gateway.emr_gw": {
                    "type": "aws_internet_gateway",
                    "depends_on": [
                        "aws_vpc.emr_vpc"
                    ],
                    "primary": {
                        "id": "igw-0a4b0b3912a81b5a2",
                        "attributes": {
                            "id": "igw-0a4b0b3912a81b5a2",
                            "tags.%": "1",
                            "tags.Name": "EMR IG / Terraform",
                            "vpc_id": "vpc-0079fa78af60b5532"
                        },
                        "meta": {},
                        "tainted": false
                    },
                    "deposed": [],
                    "provider": "provider.aws"
                },
                "aws_key_pair.emr_key_pair": {
                    "type": "aws_key_pair",
                    "depends_on": [],
                    "primary": {
                        "id": "tf-intetics-big-data",
                        "attributes": {
                            "id": "tf-intetics-big-data",
                            "key_name": "tf-intetics-big-data",
                            "public_key": "ssh-rsa AAAAB3NzaC1yc2EAAAABJQAAAQEAlMXKeSaLm5tF43rwOJzlI8a1TwAUPWtcY5NgZzLBpbr6WdHWwTPD2VE5GX1goaBl8oWOtOHNB2X1k/SzgQRuWWINrAlhXjEV4nnU3Z2wZZzhfkK9guK0Jxzcp8NWydi3SIWr8Odh7UuwUSMIbcjipKLp0sq4S1P3IPrY+Qes7Gq9l8RxfdgORL94VNxLuJ0BoLxouwUqk+vcx5EdHoCZjOiaAz50v2rIe3FvHWo3LM8qAB3NTJwOdaiws34ZOW6ZJdVv9u6pbTXYDnJmWW3eB0/tZEy5Vl4nrrohxeo569VN9mgekctTTg6qYT7vjivNQk+dxkvurrZhy79d8PqMpw== rsa-key-20180822"
                        },
                        "meta": {
                            "schema_version": "1"
                        },
                        "tainted": false
                    },
                    "deposed": [],
                    "provider": "provider.aws"
                },
                "aws_main_route_table_association.emr_mrta": {
                    "type": "aws_main_route_table_association",
                    "depends_on": [
                        "aws_route_table.emr_rt",
                        "aws_vpc.emr_vpc"
                    ],
                    "primary": {
                        "id": "rtbassoc-055d2a0349449c288",
                        "attributes": {
                            "id": "rtbassoc-055d2a0349449c288",
                            "original_route_table_id": "rtb-085b022a09788318e",
                            "route_table_id": "rtb-062694366ed906916",
                            "vpc_id": "vpc-0079fa78af60b5532"
                        },
                        "meta": {},
                        "tainted": false
                    },
                    "deposed": [],
                    "provider": "provider.aws"
                },
                "aws_route_table.emr_rt": {
                    "type": "aws_route_table",
                    "depends_on": [
                        "aws_internet_gateway.emr_gw",
                        "aws_vpc.emr_vpc"
                    ],
                    "primary": {
                        "id": "rtb-062694366ed906916",
                        "attributes": {
                            "id": "rtb-062694366ed906916",
                            "propagating_vgws.#": "0",
                            "route.#": "1",
                            "route.2886410894.cidr_block": "0.0.0.0/0",
                            "route.2886410894.egress_only_gateway_id": "",
                            "route.2886410894.gateway_id": "igw-0a4b0b3912a81b5a2",
                            "route.2886410894.instance_id": "",
                            "route.2886410894.ipv6_cidr_block": "",
                            "route.2886410894.nat_gateway_id": "",
                            "route.2886410894.network_interface_id": "",
                            "route.2886410894.vpc_peering_connection_id": "",
                            "tags.%": "1",
                            "tags.Name": "EMR RT / Terraform",
                            "vpc_id": "vpc-0079fa78af60b5532"
                        },
                        "meta": {},
                        "tainted": false
                    },
                    "deposed": [],
                    "provider": "provider.aws"
                },
                "aws_s3_bucket.s3_bucket": {
                    "type": "aws_s3_bucket",
                    "depends_on": [],
                    "primary": {
                        "id": "tf-intetics-big-data",
                        "attributes": {
                            "acceleration_status": "",
                            "acl": "private",
                            "arn": "arn:aws:s3:::tf-intetics-big-data",
                            "bucket": "tf-intetics-big-data",
                            "bucket_domain_name": "tf-intetics-big-data.s3.amazonaws.com",
                            "bucket_regional_domain_name": "tf-intetics-big-data.s3.us-east-2.amazonaws.com",
                            "cors_rule.#": "0",
                            "force_destroy": "false",
                            "hosted_zone_id": "Z2O1EMRO9K5GLX",
                            "id": "tf-intetics-big-data",
                            "logging.#": "0",
                            "region": "us-east-2",
                            "replication_configuration.#": "0",
                            "request_payer": "BucketOwner",
                            "server_side_encryption_configuration.#": "0",
                            "tags.%": "0",
                            "versioning.#": "1",
                            "versioning.0.enabled": "false",
                            "versioning.0.mfa_delete": "false",
                            "website.#": "0"
                        },
                        "meta": {},
                        "tainted": false
                    },
                    "deposed": [],
                    "provider": "provider.aws"
                },
                "aws_security_group.emr_allow_all": {
                    "type": "aws_security_group",
                    "depends_on": [
                        "aws_subnet.emr_subnet",
                        "aws_vpc.emr_vpc"
                    ],
                    "primary": {
                        "id": "sg-002359ec18a68af20",
                        "attributes": {
                            "arn": "arn:aws:ec2:us-east-2:313102209730:security-group/sg-002359ec18a68af20",
                            "description": "Allow all inbound traffic / Terraform",
                            "egress.#": "1",
                            "egress.482069346.cidr_blocks.#": "1",
                            "egress.482069346.cidr_blocks.0": "0.0.0.0/0",
                            "egress.482069346.description": "",
                            "egress.482069346.from_port": "0",
                            "egress.482069346.ipv6_cidr_blocks.#": "0",
                            "egress.482069346.prefix_list_ids.#": "0",
                            "egress.482069346.protocol": "-1",
                            "egress.482069346.security_groups.#": "0",
                            "egress.482069346.self": "false",
                            "egress.482069346.to_port": "0",
                            "id": "sg-002359ec18a68af20",
                            "ingress.#": "1",
                            "ingress.482069346.cidr_blocks.#": "1",
                            "ingress.482069346.cidr_blocks.0": "0.0.0.0/0",
                            "ingress.482069346.description": "",
                            "ingress.482069346.from_port": "0",
                            "ingress.482069346.ipv6_cidr_blocks.#": "0",
                            "ingress.482069346.protocol": "-1",
                            "ingress.482069346.security_groups.#": "0",
                            "ingress.482069346.self": "false",
                            "ingress.482069346.to_port": "0",
                            "name": "tf_emr_allow_all",
                            "owner_id": "313102209730",
                            "revoke_rules_on_delete": "false",
                            "tags.%": "1",
                            "tags.Name": "EMR SG / Terraform",
                            "vpc_id": "vpc-0079fa78af60b5532"
                        },
                        "meta": {
                            "e2bfb730-ecaa-11e6-8f88-34363bc7c4c0": {
                                "create": 600000000000,
                                "delete": 600000000000
                            },
                            "schema_version": "1"
                        },
                        "tainted": false
                    },
                    "deposed": [],
                    "provider": "provider.aws"
                },
                "aws_subnet.emr_subnet": {
                    "type": "aws_subnet",
                    "depends_on": [
                        "aws_vpc.emr_vpc"
                    ],
                    "primary": {
                        "id": "subnet-08f93f9c877a297c6",
                        "attributes": {
                            "arn": "arn:aws:ec2:us-east-2:313102209730:subnet/subnet-08f93f9c877a297c6",
                            "assign_ipv6_address_on_creation": "false",
                            "availability_zone": "us-east-2b",
                            "cidr_block": "168.31.0.0/20",
                            "id": "subnet-08f93f9c877a297c6",
                            "map_public_ip_on_launch": "false",
                            "tags.%": "1",
                            "tags.Name": "EMR Subnet / Terraform",
                            "vpc_id": "vpc-0079fa78af60b5532"
                        },
                        "meta": {
                            "schema_version": "1"
                        },
                        "tainted": false
                    },
                    "deposed": [],
                    "provider": "provider.aws"
                },
                "aws_vpc.emr_vpc": {
                    "type": "aws_vpc",
                    "depends_on": [],
                    "primary": {
                        "id": "vpc-0079fa78af60b5532",
                        "attributes": {
                            "arn": "arn:aws:ec2:us-east-2:313102209730:vpc/vpc-0079fa78af60b5532",
                            "assign_generated_ipv6_cidr_block": "false",
                            "cidr_block": "168.31.0.0/16",
                            "default_network_acl_id": "acl-01d7654b26d109ab1",
                            "default_route_table_id": "rtb-085b022a09788318e",
                            "default_security_group_id": "sg-08a80b66e2a2838c2",
                            "dhcp_options_id": "dopt-cee0f5a6",
                            "enable_dns_hostnames": "true",
                            "enable_dns_support": "true",
                            "id": "vpc-0079fa78af60b5532",
                            "instance_tenancy": "default",
                            "main_route_table_id": "rtb-085b022a09788318e",
                            "tags.%": "1",
                            "tags.Name": "EMR VPC / Terraform"
                        },
                        "meta": {
                            "schema_version": "1"
                        },
                        "tainted": false
                    },
                    "deposed": [],
                    "provider": "provider.aws"
                },
                "data.aws_iam_policy.AmazonElasticMapReduceRole": {
                    "type": "aws_iam_policy",
                    "depends_on": [],
                    "primary": {
                        "id": "arn:aws:iam::aws:policy/service-role/AmazonElasticMapReduceRole",
                        "attributes": {
                            "arn": "arn:aws:iam::aws:policy/service-role/AmazonElasticMapReduceRole",
                            "description": "Default policy for the Amazon Elastic MapReduce service role.",
                            "id": "arn:aws:iam::aws:policy/service-role/AmazonElasticMapReduceRole",
                            "name": "AmazonElasticMapReduceRole",
                            "path": "/service-role/",
                            "policy": "{\n    \"Version\": \"2012-10-17\",\n    \"Statement\": [\n        {\n            \"Effect\": \"Allow\",\n            \"Resource\": \"*\",\n            \"Action\": [\n                \"ec2:AuthorizeSecurityGroupEgress\",\n                \"ec2:AuthorizeSecurityGroupIngress\",\n                \"ec2:CancelSpotInstanceRequests\",\n                \"ec2:CreateNetworkInterface\",\n                \"ec2:CreateSecurityGroup\",\n                \"ec2:CreateTags\",\n                \"ec2:DeleteNetworkInterface\",\n                \"ec2:DeleteSecurityGroup\",\n                \"ec2:DeleteTags\",\n                \"ec2:DescribeAvailabilityZones\",\n                \"ec2:DescribeAccountAttributes\",\n                \"ec2:DescribeDhcpOptions\",\n                \"ec2:DescribeImages\",\n                \"ec2:DescribeInstanceStatus\",\n                \"ec2:DescribeInstances\",\n                \"ec2:DescribeKeyPairs\",\n                \"ec2:DescribeNetworkAcls\",\n                \"ec2:DescribeNetworkInterfaces\",\n                \"ec2:DescribePrefixLists\",\n                \"ec2:DescribeRouteTables\",\n                \"ec2:DescribeSecurityGroups\",\n                \"ec2:DescribeSpotInstanceRequests\",\n                \"ec2:DescribeSpotPriceHistory\",\n                \"ec2:DescribeSubnets\",\n                \"ec2:DescribeTags\",\n                \"ec2:DescribeVpcAttribute\",\n                \"ec2:DescribeVpcEndpoints\",\n                \"ec2:DescribeVpcEndpointServices\",\n                \"ec2:DescribeVpcs\",\n                \"ec2:DetachNetworkInterface\",\n                \"ec2:ModifyImageAttribute\",\n                \"ec2:ModifyInstanceAttribute\",\n                \"ec2:RequestSpotInstances\",\n                \"ec2:RevokeSecurityGroupEgress\",\n                \"ec2:RunInstances\",\n                \"ec2:TerminateInstances\",\n                \"ec2:DeleteVolume\",\n                \"ec2:DescribeVolumeStatus\",\n                \"ec2:DescribeVolumes\",\n                \"ec2:DetachVolume\",\n                \"iam:GetRole\",\n                \"iam:GetRolePolicy\",\n                \"iam:ListInstanceProfiles\",\n                \"iam:ListRolePolicies\",\n                \"iam:PassRole\",\n                \"s3:CreateBucket\",\n                \"s3:Get*\",\n                \"s3:List*\",\n                \"sdb:BatchPutAttributes\",\n                \"sdb:Select\",\n                \"sqs:CreateQueue\",\n                \"sqs:Delete*\",\n                \"sqs:GetQueue*\",\n                \"sqs:PurgeQueue\",\n                \"sqs:ReceiveMessage\",\n                \"cloudwatch:PutMetricAlarm\",\n                \"cloudwatch:DescribeAlarms\",\n                \"cloudwatch:DeleteAlarms\",\n                \"application-autoscaling:RegisterScalableTarget\",\n                \"application-autoscaling:DeregisterScalableTarget\",\n                \"application-autoscaling:PutScalingPolicy\",\n                \"application-autoscaling:DeleteScalingPolicy\",\n                \"application-autoscaling:Describe*\"\n            ]\n        },\n        {\n            \"Effect\": \"Allow\",\n            \"Action\": \"iam:CreateServiceLinkedRole\",\n            \"Resource\": \"arn:aws:iam::*:role/aws-service-role/spot.amazonaws.com/AWSServiceRoleForEC2Spot*\",\n            \"Condition\": {\n                \"StringLike\": {\n                    \"iam:AWSServiceName\": \"spot.amazonaws.com\"\n                }\n            }\n        }\n    ]\n}"
                        },
                        "meta": {},
                        "tainted": false
                    },
                    "deposed": [],
                    "provider": "provider.aws"
                },
                "data.aws_iam_policy.AmazonElasticMapReduceforEC2Role": {
                    "type": "aws_iam_policy",
                    "depends_on": [],
                    "primary": {
                        "id": "arn:aws:iam::aws:policy/service-role/AmazonElasticMapReduceforEC2Role",
                        "attributes": {
                            "arn": "arn:aws:iam::aws:policy/service-role/AmazonElasticMapReduceforEC2Role",
                            "description": "Default policy for the Amazon Elastic MapReduce for EC2 service role.",
                            "id": "arn:aws:iam::aws:policy/service-role/AmazonElasticMapReduceforEC2Role",
                            "name": "AmazonElasticMapReduceforEC2Role",
                            "path": "/service-role/",
                            "policy": "{\n    \"Version\": \"2012-10-17\",\n    \"Statement\": [{\n        \"Effect\": \"Allow\",\n        \"Resource\": \"*\",\n        \"Action\": [\n            \"cloudwatch:*\",\n            \"dynamodb:*\",\n            \"ec2:Describe*\",\n            \"elasticmapreduce:Describe*\",\n            \"elasticmapreduce:ListBootstrapActions\",\n            \"elasticmapreduce:ListClusters\",\n            \"elasticmapreduce:ListInstanceGroups\",\n            \"elasticmapreduce:ListInstances\",\n            \"elasticmapreduce:ListSteps\",\n            \"kinesis:CreateStream\",\n            \"kinesis:DeleteStream\",\n            \"kinesis:DescribeStream\",\n            \"kinesis:GetRecords\",\n            \"kinesis:GetShardIterator\",\n            \"kinesis:MergeShards\",\n            \"kinesis:PutRecord\",\n            \"kinesis:SplitShard\",\n            \"rds:Describe*\",\n            \"s3:*\",\n            \"sdb:*\",\n            \"sns:*\",\n            \"sqs:*\",\n            \"glue:CreateDatabase\",\n            \"glue:UpdateDatabase\",\n            \"glue:DeleteDatabase\",\n            \"glue:GetDatabase\",\n            \"glue:GetDatabases\",\n            \"glue:CreateTable\",\n            \"glue:UpdateTable\",\n            \"glue:DeleteTable\",\n            \"glue:GetTable\",\n            \"glue:GetTables\",\n            \"glue:GetTableVersions\",\n            \"glue:CreatePartition\",\n            \"glue:BatchCreatePartition\",\n            \"glue:UpdatePartition\",\n            \"glue:DeletePartition\",\n            \"glue:BatchDeletePartition\",\n            \"glue:GetPartition\",\n            \"glue:GetPartitions\",\n            \"glue:BatchGetPartition\",\n            \"glue:CreateUserDefinedFunction\",\n            \"glue:UpdateUserDefinedFunction\",\n            \"glue:DeleteUserDefinedFunction\",\n            \"glue:GetUserDefinedFunction\",\n            \"glue:GetUserDefinedFunctions\"\n        ]\n    }]\n}"
                        },
                        "meta": {},
                        "tainted": false
                    },
                    "deposed": [],
                    "provider": "provider.aws"
                },
                "data.aws_iam_policy_document.emr-assume-role-policy": {
                    "type": "aws_iam_policy_document",
                    "depends_on": [],
                    "primary": {
                        "id": "3008486542",
                        "attributes": {
                            "id": "3008486542",
                            "json": "{\n  \"Version\": \"2012-10-17\",\n  \"Statement\": [\n    {\n      \"Sid\": \"\",\n      \"Effect\": \"Allow\",\n      \"Action\": \"sts:AssumeRole\",\n      \"Principal\": {\n        \"Service\": \"elasticmapreduce.amazonaws.com\"\n      }\n    }\n  ]\n}",
                            "statement.#": "1",
                            "statement.0.actions.#": "1",
                            "statement.0.actions.2528466339": "sts:AssumeRole",
                            "statement.0.condition.#": "0",
                            "statement.0.effect": "Allow",
                            "statement.0.not_actions.#": "0",
                            "statement.0.not_principals.#": "0",
                            "statement.0.not_resources.#": "0",
                            "statement.0.principals.#": "1",
                            "statement.0.principals.3964588203.identifiers.#": "1",
                            "statement.0.principals.3964588203.identifiers.2038031166": "elasticmapreduce.amazonaws.com",
                            "statement.0.principals.3964588203.type": "Service",
                            "statement.0.resources.#": "0",
                            "statement.0.sid": ""
                        },
                        "meta": {},
                        "tainted": false
                    },
                    "deposed": [],
                    "provider": "provider.aws"
                },
                "data.aws_iam_policy_document.emr-ec2-assume-role-policy": {
                    "type": "aws_iam_policy_document",
                    "depends_on": [],
                    "primary": {
                        "id": "1903849331",
                        "attributes": {
                            "id": "1903849331",
                            "json": "{\n  \"Version\": \"2012-10-17\",\n  \"Statement\": [\n    {\n      \"Sid\": \"\",\n      \"Effect\": \"Allow\",\n      \"Action\": \"sts:AssumeRole\",\n      \"Principal\": {\n        \"Service\": \"ec2.amazonaws.com\"\n      }\n    }\n  ]\n}",
                            "statement.#": "1",
                            "statement.0.actions.#": "1",
                            "statement.0.actions.2528466339": "sts:AssumeRole",
                            "statement.0.condition.#": "0",
                            "statement.0.effect": "Allow",
                            "statement.0.not_actions.#": "0",
                            "statement.0.not_principals.#": "0",
                            "statement.0.not_resources.#": "0",
                            "statement.0.principals.#": "1",
                            "statement.0.principals.1134724139.identifiers.#": "1",
                            "statement.0.principals.1134724139.identifiers.3655884555": "ec2.amazonaws.com",
                            "statement.0.principals.1134724139.type": "Service",
                            "statement.0.resources.#": "0",
                            "statement.0.sid": ""
                        },
                        "meta": {},
                        "tainted": false
                    },
                    "deposed": [],
                    "provider": "provider.aws"
                }
            },
            "depends_on": []
        }
    ]
}
